
Microsoft Visual Studio Solution File, Format Version 12.00
# Visual Studio Version 17
VisualStudioVersion = 17.5.002.0
MinimumVisualStudioVersion = 10.0.40219.1
Project("{9A19103F-16F7-4668-BE54-9A1E7A4F7556}") = "Prova-Final", "Prova-Final.csproj", "{548CB72B-8D66-4B6A-9921-C15159E4759C}"
EndProject
Global
	GlobalSection(SolutionConfigurationPlatforms) = preSolution
		Debug|Any CPU = Debug|Any CPU
		Release|Any CPU = Release|Any CPU
	EndGlobalSection
	GlobalSection(ProjectConfigurationPlatforms) = postSolution
		{548CB72B-8D66-4B6A-9921-C15159E4759C}.Debug|Any CPU.ActiveCfg = Debug|Any CPU
		{548CB72B-8D66-4B6A-9921-C15159E4759C}.Debug|Any CPU.Build.0 = Debug|Any CPU
		{548CB72B-8D66-4B6A-9921-C15159E4759C}.Release|Any CPU.ActiveCfg = Release|Any CPU
		{548CB72B-8D66-4B6A-9921-C15159E4759C}.Release|Any CPU.Build.0 = Release|Any CPU
	EndGlobalSection
	GlobalSection(SolutionProperties) = preSolution
		HideSolutionNode = FALSE
	EndGlobalSection
	GlobalSection(ExtensibilityGlobals) = postSolution
		SolutionGuid = {3AE71B61-2356-4195-9D86-01771ADFA6EF}
	EndGlobalSection
EndGlobal
